
Microsoft Visual Studio Solution File, Format Version 12.00
# Visual Studio Version 17
VisualStudioVersion = 17.0.31903.59
MinimumVisualStudioVersion = 10.0.40219.1
Project("{9A19103F-16F7-4668-BE54-9A1E7A4F7556}") = "PowerUtils.AspNetCore.Authentication.JwtBearer", "src\PowerUtils.AspNetCore.Authentication.JwtBearer.csproj", "{BDB37876-5CB4-4CFC-ACF3-09B1E64A6961}"
EndProject
Project("{2150E333-8FDC-42A3-9474-1A3956D46DE8}") = "Project", "Project", "{D754EE9B-B868-4B32-B8F1-2364FB3D0675}"
	ProjectSection(SolutionItems) = preProject
		.gitignore = .gitignore
		global.json = global.json
		LICENSE = LICENSE
		.github\workflows\main.yml = .github\workflows\main.yml
		README.md = README.md
	EndProjectSection
EndProject
Global
	GlobalSection(SolutionConfigurationPlatforms) = preSolution
		Debug|Any CPU = Debug|Any CPU
		Release|Any CPU = Release|Any CPU
	EndGlobalSection
	GlobalSection(ProjectConfigurationPlatforms) = postSolution
		{BDB37876-5CB4-4CFC-ACF3-09B1E64A6961}.Debug|Any CPU.ActiveCfg = Debug|Any CPU
		{BDB37876-5CB4-4CFC-ACF3-09B1E64A6961}.Debug|Any CPU.Build.0 = Debug|Any CPU
		{BDB37876-5CB4-4CFC-ACF3-09B1E64A6961}.Release|Any CPU.ActiveCfg = Release|Any CPU
		{BDB37876-5CB4-4CFC-ACF3-09B1E64A6961}.Release|Any CPU.Build.0 = Release|Any CPU
	EndGlobalSection
	GlobalSection(SolutionProperties) = preSolution
		HideSolutionNode = FALSE
	EndGlobalSection
	GlobalSection(ExtensibilityGlobals) = postSolution
		SolutionGuid = {41B93C0D-D5E6-4ED1-9BA3-D289A2A5BFD1}
	EndGlobalSection
EndGlobal
